
Microsoft Visual Studio Solution File, Format Version 12.00
# Visual Studio 15
VisualStudioVersion = 15.0.26430.16
MinimumVisualStudioVersion = 10.0.40219.1
Project("{FAE04EC0-301F-11D3-BF4B-00C04F79EFBC}") = "AIPS_2017", "AIPS_2017\AIPS_2017.csproj", "{99F786A8-A964-49AD-8BF5-F28BC6E7715E}"
EndProject
Project("{FAE04EC0-301F-11D3-BF4B-00C04F79EFBC}") = "Database", "Database\Database.csproj", "{C22DB984-27B8-440E-957C-5C23570E9FBD}"
EndProject
Project("{FAE04EC0-301F-11D3-BF4B-00C04F79EFBC}") = "Business", "Business\Business.csproj", "{BF656959-69DE-4035-8EC3-C050C45DF25F}"
EndProject
Global
	GlobalSection(SolutionConfigurationPlatforms) = preSolution
		Debug|Any CPU = Debug|Any CPU
		Release|Any CPU = Release|Any CPU
	EndGlobalSection
	GlobalSection(ProjectConfigurationPlatforms) = postSolution
		{99F786A8-A964-49AD-8BF5-F28BC6E7715E}.Debug|Any CPU.ActiveCfg = Debug|Any CPU
		{99F786A8-A964-49AD-8BF5-F28BC6E7715E}.Debug|Any CPU.Build.0 = Debug|Any CPU
		{99F786A8-A964-49AD-8BF5-F28BC6E7715E}.Release|Any CPU.ActiveCfg = Release|Any CPU
		{99F786A8-A964-49AD-8BF5-F28BC6E7715E}.Release|Any CPU.Build.0 = Release|Any CPU
		{C22DB984-27B8-440E-957C-5C23570E9FBD}.Debug|Any CPU.ActiveCfg = Debug|Any CPU
		{C22DB984-27B8-440E-957C-5C23570E9FBD}.Debug|Any CPU.Build.0 = Debug|Any CPU
		{C22DB984-27B8-440E-957C-5C23570E9FBD}.Release|Any CPU.ActiveCfg = Release|Any CPU
		{C22DB984-27B8-440E-957C-5C23570E9FBD}.Release|Any CPU.Build.0 = Release|Any CPU
		{BF656959-69DE-4035-8EC3-C050C45DF25F}.Debug|Any CPU.ActiveCfg = Debug|Any CPU
		{BF656959-69DE-4035-8EC3-C050C45DF25F}.Debug|Any CPU.Build.0 = Debug|Any CPU
		{BF656959-69DE-4035-8EC3-C050C45DF25F}.Release|Any CPU.ActiveCfg = Release|Any CPU
		{BF656959-69DE-4035-8EC3-C050C45DF25F}.Release|Any CPU.Build.0 = Release|Any CPU
	EndGlobalSection
	GlobalSection(SolutionProperties) = preSolution
		HideSolutionNode = FALSE
	EndGlobalSection
EndGlobal
